
Microsoft Visual Studio Solution File, Format Version 12.00
# Visual Studio Version 17
VisualStudioVersion = 17.7.34221.43
MinimumVisualStudioVersion = 10.0.40219.1
Project("{FAE04EC0-301F-11D3-BF4B-00C04F79EFBC}") = "Lab01", "Lab01\Lab01.csproj", "{73C08599-FDB9-4717-A8F5-F757735FB058}"
EndProject
Global
	GlobalSection(SolutionConfigurationPlatforms) = preSolution
		Debug|Any CPU = Debug|Any CPU
		Release|Any CPU = Release|Any CPU
	EndGlobalSection
	GlobalSection(ProjectConfigurationPlatforms) = postSolution
		{73C08599-FDB9-4717-A8F5-F757735FB058}.Debug|Any CPU.ActiveCfg = Debug|Any CPU
		{73C08599-FDB9-4717-A8F5-F757735FB058}.Debug|Any CPU.Build.0 = Debug|Any CPU
		{73C08599-FDB9-4717-A8F5-F757735FB058}.Release|Any CPU.ActiveCfg = Release|Any CPU
		{73C08599-FDB9-4717-A8F5-F757735FB058}.Release|Any CPU.Build.0 = Release|Any CPU
	EndGlobalSection
	GlobalSection(SolutionProperties) = preSolution
		HideSolutionNode = FALSE
	EndGlobalSection
	GlobalSection(ExtensibilityGlobals) = postSolution
		SolutionGuid = {AE154572-68D4-438E-92A2-3C9081A99A06}
	EndGlobalSection
EndGlobal
